
Microsoft Visual Studio Solution File, Format Version 12.00
# Visual Studio Version 16
VisualStudioVersion = 25.0.1703.2
MinimumVisualStudioVersion = 10.0.40219.1
Project("{FAE04EC0-301F-11D3-BF4B-00C04F79EFBC}") = "RandomNumberGuesser", "RandomNumberGuesser\RandomNumberGuesser.csproj", "{7E537B6C-8490-4C10-B0A2-7260533DE10F}"
EndProject
Global
	GlobalSection(SolutionConfigurationPlatforms) = preSolution
		Debug|Any CPU = Debug|Any CPU
		Release|Any CPU = Release|Any CPU
	EndGlobalSection
	GlobalSection(ProjectConfigurationPlatforms) = postSolution
		{7E537B6C-8490-4C10-B0A2-7260533DE10F}.Debug|Any CPU.ActiveCfg = Debug|Any CPU
		{7E537B6C-8490-4C10-B0A2-7260533DE10F}.Debug|Any CPU.Build.0 = Debug|Any CPU
		{7E537B6C-8490-4C10-B0A2-7260533DE10F}.Release|Any CPU.ActiveCfg = Release|Any CPU
		{7E537B6C-8490-4C10-B0A2-7260533DE10F}.Release|Any CPU.Build.0 = Release|Any CPU
	EndGlobalSection
	GlobalSection(SolutionProperties) = preSolution
		HideSolutionNode = FALSE
	EndGlobalSection
	GlobalSection(ExtensibilityGlobals) = postSolution
		SolutionGuid = {72FCBB2E-D371-4771-B99D-DFD91147FAEA}
	EndGlobalSection
EndGlobal
